
Microsoft Visual Studio Solution File, Format Version 12.00
# Visual Studio Version 16
VisualStudioVersion = 16.0.31911.196
MinimumVisualStudioVersion = 10.0.40219.1
Project("{FAE04EC0-301F-11D3-BF4B-00C04F79EFBC}") = "ProgramsTxtMaker", "ProgramsTxtMaker\ProgramsTxtMaker.csproj", "{0725D7D2-0BDD-48D0-85BC-08C6BAF2870A}"
EndProject
Global
	GlobalSection(SolutionConfigurationPlatforms) = preSolution
		Debug|Any CPU = Debug|Any CPU
		Release|Any CPU = Release|Any CPU
	EndGlobalSection
	GlobalSection(ProjectConfigurationPlatforms) = postSolution
		{0725D7D2-0BDD-48D0-85BC-08C6BAF2870A}.Debug|Any CPU.ActiveCfg = Debug|Any CPU
		{0725D7D2-0BDD-48D0-85BC-08C6BAF2870A}.Debug|Any CPU.Build.0 = Debug|Any CPU
		{0725D7D2-0BDD-48D0-85BC-08C6BAF2870A}.Release|Any CPU.ActiveCfg = Release|Any CPU
		{0725D7D2-0BDD-48D0-85BC-08C6BAF2870A}.Release|Any CPU.Build.0 = Release|Any CPU
	EndGlobalSection
	GlobalSection(SolutionProperties) = preSolution
		HideSolutionNode = FALSE
	EndGlobalSection
	GlobalSection(ExtensibilityGlobals) = postSolution
		SolutionGuid = {9BAF16DD-30A6-49FF-AFFB-CAAB4D242089}
	EndGlobalSection
EndGlobal
